
Microsoft Visual Studio Solution File, Format Version 12.00
# Visual Studio 15
VisualStudioVersion = 15.0.28010.2036
MinimumVisualStudioVersion = 10.0.40219.1
Project("{FAE04EC0-301F-11D3-BF4B-00C04F79EFBC}") = "PenteDLL", "PenteDLL\PenteDLL.csproj", "{16FD08DC-53E4-4894-830D-3646FDF0624C}"
EndProject
Project("{FAE04EC0-301F-11D3-BF4B-00C04F79EFBC}") = "Pente", "Pente\Pente.csproj", "{FFBC948D-0203-4D74-929D-4C5451E43D9C}"
EndProject
Global
	GlobalSection(SolutionConfigurationPlatforms) = preSolution
		Debug|Any CPU = Debug|Any CPU
		Release|Any CPU = Release|Any CPU
	EndGlobalSection
	GlobalSection(ProjectConfigurationPlatforms) = postSolution
		{16FD08DC-53E4-4894-830D-3646FDF0624C}.Debug|Any CPU.ActiveCfg = Debug|Any CPU
		{16FD08DC-53E4-4894-830D-3646FDF0624C}.Debug|Any CPU.Build.0 = Debug|Any CPU
		{16FD08DC-53E4-4894-830D-3646FDF0624C}.Release|Any CPU.ActiveCfg = Release|Any CPU
		{16FD08DC-53E4-4894-830D-3646FDF0624C}.Release|Any CPU.Build.0 = Release|Any CPU
		{FFBC948D-0203-4D74-929D-4C5451E43D9C}.Debug|Any CPU.ActiveCfg = Debug|Any CPU
		{FFBC948D-0203-4D74-929D-4C5451E43D9C}.Debug|Any CPU.Build.0 = Debug|Any CPU
		{FFBC948D-0203-4D74-929D-4C5451E43D9C}.Release|Any CPU.ActiveCfg = Release|Any CPU
		{FFBC948D-0203-4D74-929D-4C5451E43D9C}.Release|Any CPU.Build.0 = Release|Any CPU
	EndGlobalSection
	GlobalSection(SolutionProperties) = preSolution
		HideSolutionNode = FALSE
	EndGlobalSection
	GlobalSection(ExtensibilityGlobals) = postSolution
		SolutionGuid = {B38269E4-9796-4EDF-968B-D7D9FBBD8707}
	EndGlobalSection
EndGlobal
